
Microsoft Visual Studio Solution File, Format Version 12.00
# Visual Studio Version 16
VisualStudioVersion = 16.0.29609.76
MinimumVisualStudioVersion = 10.0.40219.1
Project("{FAE04EC0-301F-11D3-BF4B-00C04F79EFBC}") = "AmitGithub", "AmitGithub\AmitGithub.csproj", "{3E159991-2406-443D-BDDE-24816ECD07F1}"
EndProject
Global
	GlobalSection(SolutionConfigurationPlatforms) = preSolution
		Debug|Any CPU = Debug|Any CPU
		Release|Any CPU = Release|Any CPU
	EndGlobalSection
	GlobalSection(ProjectConfigurationPlatforms) = postSolution
		{3E159991-2406-443D-BDDE-24816ECD07F1}.Debug|Any CPU.ActiveCfg = Debug|Any CPU
		{3E159991-2406-443D-BDDE-24816ECD07F1}.Debug|Any CPU.Build.0 = Debug|Any CPU
		{3E159991-2406-443D-BDDE-24816ECD07F1}.Release|Any CPU.ActiveCfg = Release|Any CPU
		{3E159991-2406-443D-BDDE-24816ECD07F1}.Release|Any CPU.Build.0 = Release|Any CPU
	EndGlobalSection
	GlobalSection(SolutionProperties) = preSolution
		HideSolutionNode = FALSE
	EndGlobalSection
	GlobalSection(ExtensibilityGlobals) = postSolution
		SolutionGuid = {04B5554D-E1D2-4739-B1F4-38CAA540DC07}
	EndGlobalSection
EndGlobal
